
Microsoft Visual Studio Solution File, Format Version 12.00
# Visual Studio 15
VisualStudioVersion = 15.0.27428.2011
MinimumVisualStudioVersion = 10.0.40219.1
Project("{FAE04EC0-301F-11D3-BF4B-00C04F79EFBC}") = "AssistenteFinanceiro", "AssistenteFinanceiro\AssistenteFinanceiro.csproj", "{C441DDB8-6D7D-45DB-9B8E-554CBDE28667}"
EndProject
Global
	GlobalSection(SolutionConfigurationPlatforms) = preSolution
		Debug|Any CPU = Debug|Any CPU
		Release|Any CPU = Release|Any CPU
	EndGlobalSection
	GlobalSection(ProjectConfigurationPlatforms) = postSolution
		{C441DDB8-6D7D-45DB-9B8E-554CBDE28667}.Debug|Any CPU.ActiveCfg = Debug|Any CPU
		{C441DDB8-6D7D-45DB-9B8E-554CBDE28667}.Debug|Any CPU.Build.0 = Debug|Any CPU
		{C441DDB8-6D7D-45DB-9B8E-554CBDE28667}.Release|Any CPU.ActiveCfg = Release|Any CPU
		{C441DDB8-6D7D-45DB-9B8E-554CBDE28667}.Release|Any CPU.Build.0 = Release|Any CPU
	EndGlobalSection
	GlobalSection(SolutionProperties) = preSolution
		HideSolutionNode = FALSE
	EndGlobalSection
	GlobalSection(ExtensibilityGlobals) = postSolution
		SolutionGuid = {CBDE4D50-1C74-43ED-90AC-C2580CE54CB1}
	EndGlobalSection
EndGlobal
